// !$*UTF8*$!
{
	archiveVersion = 1;
	classes = {
	};
	objectVersion = 46;
	objects = {

/* Begin PBXBuildFile section */
		511C0F501C06387700B15BDA /* AppDelegate.swift in Sources */ = {isa = PBXBuildFile; fileRef = 511C0F4E1C06387700B15BDA /* AppDelegate.swift */; };
		511C0F511C06387700B15BDA /* Assets.xcassets in Resources */ = {isa = PBXBuildFile; fileRef = 511C0F4F1C06387700B15BDA /* Assets.xcassets */; };
		511C0F551C06388D00B15BDA /* Main.storyboard in Resources */ = {isa = PBXBuildFile; fileRef = 511C0F521C06388D00B15BDA /* Main.storyboard */; };
		511C0F561C06388D00B15BDA /* BigChannelCell.swift in Sources */ = {isa = PBXBuildFile; fileRef = 511C0F531C06388D00B15BDA /* BigChannelCell.swift */; };
		511C0F571C06388D00B15BDA /* SmallChannelCell.swift in Sources */ = {isa = PBXBuildFile; fileRef = 511C0F541C06388D00B15BDA /* SmallChannelCell.swift */; };
		511C0F5A1C06389D00B15BDA /* TVCollectionViewController.swift in Sources */ = {isa = PBXBuildFile; fileRef = 511C0F581C06389D00B15BDA /* TVCollectionViewController.swift */; };
		511C0F5B1C06389D00B15BDA /* PlayerViewController.swift in Sources */ = {isa = PBXBuildFile; fileRef = 511C0F591C06389D00B15BDA /* PlayerViewController.swift */; };
		932C01991FB34EDD0028D251 /* VersionUtility.swift in Sources */ = {isa = PBXBuildFile; fileRef = 932C01981FB34EDD0028D251 /* VersionUtility.swift */; };
		938EF14B20718BE300C03585 /* DebugLog.swift in Sources */ = {isa = PBXBuildFile; fileRef = 938EF14A20718BE300C03585 /* DebugLog.swift */; };
		93AF11B91F18BA05005043DB /* Pods_NPO_Live.framework in Frameworks */ = {isa = PBXBuildFile; fileRef = DAF4D1674025305B1531E95D /* Pods_NPO_Live.framework */; };
/* End PBXBuildFile section */

/* Begin PBXFileReference section */
		4D473A8CFCE3B5A086B71258 /* Pods-NPO Live.release.xcconfig */ = {isa = PBXFileReference; includeInIndex = 1; lastKnownFileType = text.xcconfig; name = "Pods-NPO Live.release.xcconfig"; path = "Pods/Target Support Files/Pods-NPO Live/Pods-NPO Live.release.xcconfig"; sourceTree = "<group>"; };
		511C0F4E1C06387700B15BDA /* AppDelegate.swift */ = {isa = PBXFileReference; fileEncoding = 4; lastKnownFileType = sourcecode.swift; path = AppDelegate.swift; sourceTree = "<group>"; };
		511C0F4F1C06387700B15BDA /* Assets.xcassets */ = {isa = PBXFileReference; lastKnownFileType = folder.assetcatalog; path = Assets.xcassets; sourceTree = "<group>"; };
		511C0F521C06388D00B15BDA /* Main.storyboard */ = {isa = PBXFileReference; fileEncoding = 4; lastKnownFileType = file.storyboard; path = Main.storyboard; sourceTree = "<group>"; };
		511C0F531C06388D00B15BDA /* BigChannelCell.swift */ = {isa = PBXFileReference; fileEncoding = 4; lastKnownFileType = sourcecode.swift; path = BigChannelCell.swift; sourceTree = "<group>"; };
		511C0F541C06388D00B15BDA /* SmallChannelCell.swift */ = {isa = PBXFileReference; fileEncoding = 4; lastKnownFileType = sourcecode.swift; path = SmallChannelCell.swift; sourceTree = "<group>"; };
		511C0F581C06389D00B15BDA /* TVCollectionViewController.swift */ = {isa = PBXFileReference; fileEncoding = 4; lastKnownFileType = sourcecode.swift; path = TVCollectionViewController.swift; sourceTree = "<group>"; };
		511C0F591C06389D00B15BDA /* PlayerViewController.swift */ = {isa = PBXFileReference; fileEncoding = 4; lastKnownFileType = sourcecode.swift; path = PlayerViewController.swift; sourceTree = "<group>"; };
		5123DB861C008A1A00F86B26 /* NPO Live.app */ = {isa = PBXFileReference; explicitFileType = wrapper.application; includeInIndex = 0; path = "NPO Live.app"; sourceTree = BUILT_PRODUCTS_DIR; };
		5123DB921C008A1A00F86B26 /* Info.plist */ = {isa = PBXFileReference; lastKnownFileType = text.plist.xml; path = Info.plist; sourceTree = "<group>"; };
		932C01981FB34EDD0028D251 /* VersionUtility.swift */ = {isa = PBXFileReference; lastKnownFileType = sourcecode.swift; path = VersionUtility.swift; sourceTree = "<group>"; };
		938EF14A20718BE300C03585 /* DebugLog.swift */ = {isa = PBXFileReference; lastKnownFileType = sourcecode.swift; path = DebugLog.swift; sourceTree = "<group>"; };
		98E26ADFA6C6F60733EC205D /* Pods-NPO Live.debug.xcconfig */ = {isa = PBXFileReference; includeInIndex = 1; lastKnownFileType = text.xcconfig; name = "Pods-NPO Live.debug.xcconfig"; path = "Pods/Target Support Files/Pods-NPO Live/Pods-NPO Live.debug.xcconfig"; sourceTree = "<group>"; };
		DAF4D1674025305B1531E95D /* Pods_NPO_Live.framework */ = {isa = PBXFileReference; explicitFileType = wrapper.framework; includeInIndex = 0; path = Pods_NPO_Live.framework; sourceTree = BUILT_PRODUCTS_DIR; };
/* End PBXFileReference section */

/* Begin PBXFrameworksBuildPhase section */
		5123DB831C008A1A00F86B26 /* Frameworks */ = {
			isa = PBXFrameworksBuildPhase;
			buildActionMask = 2147483647;
			files = (
				93AF11B91F18BA05005043DB /* Pods_NPO_Live.framework in Frameworks */,
			);
			runOnlyForDeploymentPostprocessing = 0;
		};
/* End PBXFrameworksBuildPhase section */

/* Begin PBXGroup section */
		5123DB7D1C008A1A00F86B26 = {
			isa = PBXGroup;
			children = (
				5123DB881C008A1A00F86B26 /* NPO Live */,
				5123DB871C008A1A00F86B26 /* Products */,
				7B0DBED132F02AE30031C0B2 /* Pods */,
				947374420EE0AC472B9668D5 /* Frameworks */,
			);
			sourceTree = "<group>";
		};
		5123DB871C008A1A00F86B26 /* Products */ = {
			isa = PBXGroup;
			children = (
				5123DB861C008A1A00F86B26 /* NPO Live.app */,
			);
			name = Products;
			sourceTree = "<group>";
		};
		5123DB881C008A1A00F86B26 /* NPO Live */ = {
			isa = PBXGroup;
			children = (
				932FC16A1FB4454E00FDACBF /* Controller */,
				932FC1691FB4453F00FDACBF /* View */,
				932FC16B1FB4458600FDACBF /* Supporting Files */,
				938EF14720718B1000C03585 /* Utilities */,
			);
			path = "NPO Live";
			sourceTree = "<group>";
		};
		7B0DBED132F02AE30031C0B2 /* Pods */ = {
			isa = PBXGroup;
			children = (
				98E26ADFA6C6F60733EC205D /* Pods-NPO Live.debug.xcconfig */,
				4D473A8CFCE3B5A086B71258 /* Pods-NPO Live.release.xcconfig */,
			);
			name = Pods;
			sourceTree = "<group>";
		};
		932FC1691FB4453F00FDACBF /* View */ = {
			isa = PBXGroup;
			children = (
				511C0F531C06388D00B15BDA /* BigChannelCell.swift */,
				511C0F541C06388D00B15BDA /* SmallChannelCell.swift */,
			);
			path = View;
			sourceTree = "<group>";
		};
		932FC16A1FB4454E00FDACBF /* Controller */ = {
			isa = PBXGroup;
			children = (
				511C0F581C06389D00B15BDA /* TVCollectionViewController.swift */,
				511C0F591C06389D00B15BDA /* PlayerViewController.swift */,
			);
			path = Controller;
			sourceTree = "<group>";
		};
		932FC16B1FB4458600FDACBF /* Supporting Files */ = {
			isa = PBXGroup;
			children = (
				511C0F4E1C06387700B15BDA /* AppDelegate.swift */,
				511C0F4F1C06387700B15BDA /* Assets.xcassets */,
				511C0F521C06388D00B15BDA /* Main.storyboard */,
				5123DB921C008A1A00F86B26 /* Info.plist */,
			);
			path = "Supporting Files";
			sourceTree = "<group>";
		};
		938EF14720718B1000C03585 /* Utilities */ = {
			isa = PBXGroup;
			children = (
				938EF14A20718BE300C03585 /* DebugLog.swift */,
				932C01981FB34EDD0028D251 /* VersionUtility.swift */,
			);
			path = Utilities;
			sourceTree = "<group>";
		};
		947374420EE0AC472B9668D5 /* Frameworks */ = {
			isa = PBXGroup;
			children = (
				DAF4D1674025305B1531E95D /* Pods_NPO_Live.framework */,
			);
			name = Frameworks;
			sourceTree = "<group>";
		};
/* End PBXGroup section */

/* Begin PBXNativeTarget section */
		5123DB851C008A1A00F86B26 /* NPO Live */ = {
			isa = PBXNativeTarget;
			buildConfigurationList = 5123DB951C008A1A00F86B26 /* Build configuration list for PBXNativeTarget "NPO Live" */;
			buildPhases = (
				1F9EF3DD26684C074D4CD644 /* [CP] Check Pods Manifest.lock */,
				5123DB821C008A1A00F86B26 /* Sources */,
				5123DB831C008A1A00F86B26 /* Frameworks */,
				5123DB841C008A1A00F86B26 /* Resources */,
				8B16D6343422013507124AC7 /* [CP] Embed Pods Frameworks */,
				45CF58D25F30D26B2E8F1576 /* [CP] Copy Pods Resources */,
			);
			buildRules = (
			);
			dependencies = (
			);
			name = "NPO Live";
			productName = "NPO Live";
			productReference = 5123DB861C008A1A00F86B26 /* NPO Live.app */;
			productType = "com.apple.product-type.application";
		};
/* End PBXNativeTarget section */

/* Begin PBXProject section */
		5123DB7E1C008A1A00F86B26 /* Project object */ = {
			isa = PBXProject;
			attributes = {
				LastSwiftUpdateCheck = 0710;
				LastUpgradeCheck = 0910;
				ORGANIZATIONNAME = "Bart den Hollander";
				TargetAttributes = {
					5123DB851C008A1A00F86B26 = {
						CreatedOnToolsVersion = 7.1.1;
						DevelopmentTeam = 7S7JD544LJ;
						LastSwiftMigration = 0910;
					};
				};
			};
			buildConfigurationList = 5123DB811C008A1A00F86B26 /* Build configuration list for PBXProject "NPO Live" */;
			compatibilityVersion = "Xcode 3.2";
			developmentRegion = English;
			hasScannedForEncodings = 0;
			knownRegions = (
				en,
				Base,
			);
			mainGroup = 5123DB7D1C008A1A00F86B26;
			productRefGroup = 5123DB871C008A1A00F86B26 /* Products */;
			projectDirPath = "";
			projectRoot = "";
			targets = (
				5123DB851C008A1A00F86B26 /* NPO Live */,
			);
		};
/* End PBXProject section */

/* Begin PBXResourcesBuildPhase section */
		5123DB841C008A1A00F86B26 /* Resources */ = {
			isa = PBXResourcesBuildPhase;
			buildActionMask = 2147483647;
			files = (
				511C0F511C06387700B15BDA /* Assets.xcassets in Resources */,
				511C0F551C06388D00B15BDA /* Main.storyboard in Resources */,
			);
			runOnlyForDeploymentPostprocessing = 0;
		};
/* End PBXResourcesBuildPhase section */

/* Begin PBXShellScriptBuildPhase section */
		1F9EF3DD26684C074D4CD644 /* [CP] Check Pods Manifest.lock */ = {
			isa = PBXShellScriptBuildPhase;
			buildActionMask = 2147483647;
			files = (
			);
			inputPaths = (
			);
			name = "[CP] Check Pods Manifest.lock";
			outputPaths = (
			);
			runOnlyForDeploymentPostprocessing = 0;
			shellPath = /bin/sh;
			shellScript = "diff \"${PODS_PODFILE_DIR_PATH}/Podfile.lock\" \"${PODS_ROOT}/Manifest.lock\" > /dev/null\nif [ $? != 0 ] ; then\n    # print error to STDERR\n    echo \"error: The sandbox is not in sync with the Podfile.lock. Run 'pod install' or update your CocoaPods installation.\" >&2\n    exit 1\nfi\n";
			showEnvVarsInLog = 0;
		};
		45CF58D25F30D26B2E8F1576 /* [CP] Copy Pods Resources */ = {
			isa = PBXShellScriptBuildPhase;
			buildActionMask = 2147483647;
			files = (
			);
			inputPaths = (
			);
			name = "[CP] Copy Pods Resources";
			outputPaths = (
			);
			runOnlyForDeploymentPostprocessing = 0;
			shellPath = /bin/sh;
			shellScript = "\"${SRCROOT}/Pods/Target Support Files/Pods-NPO Live/Pods-NPO Live-resources.sh\"\n";
			showEnvVarsInLog = 0;
		};
		8B16D6343422013507124AC7 /* [CP] Embed Pods Frameworks */ = {
			isa = PBXShellScriptBuildPhase;
			buildActionMask = 2147483647;
			files = (
			);
			inputPaths = (
			);
			name = "[CP] Embed Pods Frameworks";
			outputPaths = (
			);
			runOnlyForDeploymentPostprocessing = 0;
			shellPath = /bin/sh;
			shellScript = "\"${SRCROOT}/Pods/Target Support Files/Pods-NPO Live/Pods-NPO Live-frameworks.sh\"\n";
			showEnvVarsInLog = 0;
		};
/* End PBXShellScriptBuildPhase section */

/* Begin PBXSourcesBuildPhase section */
		5123DB821C008A1A00F86B26 /* Sources */ = {
			isa = PBXSourcesBuildPhase;
			buildActionMask = 2147483647;
			files = (
				511C0F5A1C06389D00B15BDA /* TVCollectionViewController.swift in Sources */,
				511C0F501C06387700B15BDA /* AppDelegate.swift in Sources */,
				938EF14B20718BE300C03585 /* DebugLog.swift in Sources */,
				511C0F571C06388D00B15BDA /* SmallChannelCell.swift in Sources */,
				511C0F5B1C06389D00B15BDA /* PlayerViewController.swift in Sources */,
				932C01991FB34EDD0028D251 /* VersionUtility.swift in Sources */,
				511C0F561C06388D00B15BDA /* BigChannelCell.swift in Sources */,
			);
			runOnlyForDeploymentPostprocessing = 0;
		};
/* End PBXSourcesBuildPhase section */

/* Begin XCBuildConfiguration section */
		5123DB931C008A1A00F86B26 /* Debug */ = {
			isa = XCBuildConfiguration;
			buildSettings = {
				ALWAYS_SEARCH_USER_PATHS = NO;
				CLANG_CXX_LANGUAGE_STANDARD = "gnu++0x";
				CLANG_CXX_LIBRARY = "libc++";
				CLANG_ENABLE_MODULES = YES;
				CLANG_ENABLE_OBJC_ARC = YES;
				CLANG_WARN_BLOCK_CAPTURE_AUTORELEASING = YES;
				CLANG_WARN_BOOL_CONVERSION = YES;
				CLANG_WARN_COMMA = YES;
				CLANG_WARN_CONSTANT_CONVERSION = YES;
				CLANG_WARN_DIRECT_OBJC_ISA_USAGE = YES_ERROR;
				CLANG_WARN_EMPTY_BODY = YES;
				CLANG_WARN_ENUM_CONVERSION = YES;
				CLANG_WARN_INFINITE_RECURSION = YES;
				CLANG_WARN_INT_CONVERSION = YES;
				CLANG_WARN_NON_LITERAL_NULL_CONVERSION = YES;
				CLANG_WARN_OBJC_LITERAL_CONVERSION = YES;
				CLANG_WARN_OBJC_ROOT_CLASS = YES_ERROR;
				CLANG_WARN_RANGE_LOOP_ANALYSIS = YES;
				CLANG_WARN_STRICT_PROTOTYPES = YES;
				CLANG_WARN_SUSPICIOUS_MOVE = YES;
				CLANG_WARN_UNREACHABLE_CODE = YES;
				CLANG_WARN__DUPLICATE_METHOD_MATCH = YES;
				COPY_PHASE_STRIP = NO;
				DEBUG_INFORMATION_FORMAT = dwarf;
				ENABLE_STRICT_OBJC_MSGSEND = YES;
				ENABLE_TESTABILITY = YES;
				GCC_C_LANGUAGE_STANDARD = gnu99;
				GCC_DYNAMIC_NO_PIC = NO;
				GCC_NO_COMMON_BLOCKS = YES;
				GCC_OPTIMIZATION_LEVEL = 0;
				GCC_PREPROCESSOR_DEFINITIONS = (
					"DEBUG=1",
					"$(inherited)",
				);
				GCC_WARN_64_TO_32_BIT_CONVERSION = YES;
				GCC_WARN_ABOUT_RETURN_TYPE = YES_ERROR;
				GCC_WARN_UNDECLARED_SELECTOR = YES;
				GCC_WARN_UNINITIALIZED_AUTOS = YES_AGGRESSIVE;
				GCC_WARN_UNUSED_FUNCTION = YES;
				GCC_WARN_UNUSED_VARIABLE = YES;
				MTL_ENABLE_DEBUG_INFO = YES;
				ONLY_ACTIVE_ARCH = YES;
				SDKROOT = appletvos;
				SWIFT_OPTIMIZATION_LEVEL = "-Onone";
				SWIFT_VERSION = 3.0;
				TARGETED_DEVICE_FAMILY = 3;
				TVOS_DEPLOYMENT_TARGET = 9.0;
			};
			name = Debug;
		};
		5123DB941C008A1A00F86B26 /* Release */ = {
			isa = XCBuildConfiguration;
			buildSettings = {
				ALWAYS_SEARCH_USER_PATHS = NO;
				CLANG_CXX_LANGUAGE_STANDARD = "gnu++0x";
				CLANG_CXX_LIBRARY = "libc++";
				CLANG_ENABLE_MODULES = YES;
				CLANG_ENABLE_OBJC_ARC = YES;
				CLANG_WARN_BLOCK_CAPTURE_AUTORELEASING = YES;
				CLANG_WARN_BOOL_CONVERSION = YES;
				CLANG_WARN_COMMA = YES;
				CLANG_WARN_CONSTANT_CONVERSION = YES;
				CLANG_WARN_DIRECT_OBJC_ISA_USAGE = YES_ERROR;
				CLANG_WARN_EMPTY_BODY = YES;
				CLANG_WARN_ENUM_CONVERSION = YES;
				CLANG_WARN_INFINITE_RECURSION = YES;
				CLANG_WARN_INT_CONVERSION = YES;
				CLANG_WARN_NON_LITERAL_NULL_CONVERSION = YES;
				CLANG_WARN_OBJC_LITERAL_CONVERSION = YES;
				CLANG_WARN_OBJC_ROOT_CLASS = YES_ERROR;
				CLANG_WARN_RANGE_LOOP_ANALYSIS = YES;
				CLANG_WARN_STRICT_PROTOTYPES = YES;
				CLANG_WARN_SUSPICIOUS_MOVE = YES;
				CLANG_WARN_UNREACHABLE_CODE = YES;
				CLANG_WARN__DUPLICATE_METHOD_MATCH = YES;
				COPY_PHASE_STRIP = NO;
				DEBUG_INFORMATION_FORMAT = "dwarf-with-dsym";
				ENABLE_NS_ASSERTIONS = NO;
				ENABLE_STRICT_OBJC_MSGSEND = YES;
				GCC_C_LANGUAGE_STANDARD = gnu99;
				GCC_NO_COMMON_BLOCKS = YES;
				GCC_WARN_64_TO_32_BIT_CONVERSION = YES;
				GCC_WARN_ABOUT_RETURN_TYPE = YES_ERROR;
				GCC_WARN_UNDECLARED_SELECTOR = YES;
				GCC_WARN_UNINITIALIZED_AUTOS = YES_AGGRESSIVE;
				GCC_WARN_UNUSED_FUNCTION = YES;
				GCC_WARN_UNUSED_VARIABLE = YES;
				MTL_ENABLE_DEBUG_INFO = NO;
				SDKROOT = appletvos;
				SWIFT_OPTIMIZATION_LEVEL = "-Owholemodule";
				SWIFT_VERSION = 3.0;
				TARGETED_DEVICE_FAMILY = 3;
				TVOS_DEPLOYMENT_TARGET = 9.0;
				VALIDATE_PRODUCT = YES;
			};
			name = Release;
		};
		5123DB961C008A1A00F86B26 /* Debug */ = {
			isa = XCBuildConfiguration;
			baseConfigurationReference = 98E26ADFA6C6F60733EC205D /* Pods-NPO Live.debug.xcconfig */;
			buildSettings = {
				ASSETCATALOG_COMPILER_APPICON_NAME = "App Icon & Top Shelf Image";
				ASSETCATALOG_COMPILER_LAUNCHIMAGE_NAME = LaunchImage;
				DEVELOPMENT_TEAM = 7S7JD544LJ;
				FRAMEWORK_SEARCH_PATHS = (
					"$(inherited)",
					"\"$(PROJECT_DIR)/NPO Live\"",
				);
				INFOPLIST_FILE = "NPO Live/Supporting Files/Info.plist";
				IPHONEOS_DEPLOYMENT_TARGET = 11.0;
				LD_RUNPATH_SEARCH_PATHS = "$(inherited) @executable_path/Frameworks";
				OTHER_SWIFT_FLAGS = "$(inherited) \"-D\" \"COCOAPODS\" \"-DDEBUG\"";
				PRODUCT_BUNDLE_IDENTIFIER = "bdh.NPO-Live";
				PRODUCT_NAME = "$(TARGET_NAME)";
				SWIFT_VERSION = 4.0;
				TVOS_DEPLOYMENT_TARGET = 11.0;
			};
			name = Debug;
		};
		5123DB971C008A1A00F86B26 /* Release */ = {
			isa = XCBuildConfiguration;
			baseConfigurationReference = 4D473A8CFCE3B5A086B71258 /* Pods-NPO Live.release.xcconfig */;
			buildSettings = {
				ASSETCATALOG_COMPILER_APPICON_NAME = "App Icon & Top Shelf Image";
				ASSETCATALOG_COMPILER_LAUNCHIMAGE_NAME = LaunchImage;
				DEVELOPMENT_TEAM = 7S7JD544LJ;
				FRAMEWORK_SEARCH_PATHS = (
					"$(inherited)",
					"\"$(PROJECT_DIR)/NPO Live\"",
				);
				INFOPLIST_FILE = "NPO Live/Supporting Files/Info.plist";
				IPHONEOS_DEPLOYMENT_TARGET = 11.0;
				LD_RUNPATH_SEARCH_PATHS = "$(inherited) @executable_path/Frameworks";
				OTHER_SWIFT_FLAGS = "$(inherited) \"-D\" \"-DRELEASE\" \"COCOAPODS\"";
				PRODUCT_BUNDLE_IDENTIFIER = "bdh.NPO-Live";
				PRODUCT_NAME = "$(TARGET_NAME)";
				SWIFT_VERSION = 4.0;
				TVOS_DEPLOYMENT_TARGET = 11.0;
			};
			name = Release;
		};
/* End XCBuildConfiguration section */

/* Begin XCConfigurationList section */
		5123DB811C008A1A00F86B26 /* Build configuration list for PBXProject "NPO Live" */ = {
			isa = XCConfigurationList;
			buildConfigurations = (
				5123DB931C008A1A00F86B26 /* Debug */,
				5123DB941C008A1A00F86B26 /* Release */,
			);
			defaultConfigurationIsVisible = 0;
			defaultConfigurationName = Release;
		};
		5123DB951C008A1A00F86B26 /* Build configuration list for PBXNativeTarget "NPO Live" */ = {
			isa = XCConfigurationList;
			buildConfigurations = (
				5123DB961C008A1A00F86B26 /* Debug */,
				5123DB971C008A1A00F86B26 /* Release */,
			);
			defaultConfigurationIsVisible = 0;
			defaultConfigurationName = Release;
		};
/* End XCConfigurationList section */
	};
	rootObject = 5123DB7E1C008A1A00F86B26 /* Project object */;
}
